
Microsoft Visual Studio Solution File, Format Version 12.00
# Visual Studio Version 16
VisualStudioVersion = 16.0.33801.447
MinimumVisualStudioVersion = 10.0.40219.1
Project("{FAE04EC0-301F-11D3-BF4B-00C04F79EFBC}") = "DATETIME SUBMISSION ASSIGNMENT STEP 370", "DATETIME SUBMISSION ASSIGNMENT STEP 370.csproj", "{29A2BB93-DB68-403E-A175-91CAA39AFBA8}"
EndProject
Global
	GlobalSection(SolutionConfigurationPlatforms) = preSolution
		Debug|Any CPU = Debug|Any CPU
		Release|Any CPU = Release|Any CPU
	EndGlobalSection
	GlobalSection(ProjectConfigurationPlatforms) = postSolution
		{29A2BB93-DB68-403E-A175-91CAA39AFBA8}.Debug|Any CPU.ActiveCfg = Debug|Any CPU
		{29A2BB93-DB68-403E-A175-91CAA39AFBA8}.Debug|Any CPU.Build.0 = Debug|Any CPU
		{29A2BB93-DB68-403E-A175-91CAA39AFBA8}.Release|Any CPU.ActiveCfg = Release|Any CPU
		{29A2BB93-DB68-403E-A175-91CAA39AFBA8}.Release|Any CPU.Build.0 = Release|Any CPU
	EndGlobalSection
	GlobalSection(SolutionProperties) = preSolution
		HideSolutionNode = FALSE
	EndGlobalSection
	GlobalSection(ExtensibilityGlobals) = postSolution
		SolutionGuid = {4D68625C-E921-4D86-B4E2-A0B5DF954B17}
	EndGlobalSection
EndGlobal
