
Microsoft Visual Studio Solution File, Format Version 12.00
# Visual Studio Version 16
VisualStudioVersion = 16.0.33801.447
MinimumVisualStudioVersion = 10.0.40219.1
Project("{FAE04EC0-301F-11D3-BF4B-00C04F79EFBC}") = "CALLING METHODS SUBMISSION ASSIGNMENT", "CALLING METHODS SUBMISSION ASSIGNMENT.csproj", "{D8CAA11F-DA9E-40C3-83CB-19526CDF7F1E}"
EndProject
Global
	GlobalSection(SolutionConfigurationPlatforms) = preSolution
		Debug|Any CPU = Debug|Any CPU
		Release|Any CPU = Release|Any CPU
	EndGlobalSection
	GlobalSection(ProjectConfigurationPlatforms) = postSolution
		{D8CAA11F-DA9E-40C3-83CB-19526CDF7F1E}.Debug|Any CPU.ActiveCfg = Debug|Any CPU
		{D8CAA11F-DA9E-40C3-83CB-19526CDF7F1E}.Debug|Any CPU.Build.0 = Debug|Any CPU
		{D8CAA11F-DA9E-40C3-83CB-19526CDF7F1E}.Release|Any CPU.ActiveCfg = Release|Any CPU
		{D8CAA11F-DA9E-40C3-83CB-19526CDF7F1E}.Release|Any CPU.Build.0 = Release|Any CPU
	EndGlobalSection
	GlobalSection(SolutionProperties) = preSolution
		HideSolutionNode = FALSE
	EndGlobalSection
	GlobalSection(ExtensibilityGlobals) = postSolution
		SolutionGuid = {1AC3C7D6-A5B5-47F8-B8AA-F9F15D4F2D40}
	EndGlobalSection
EndGlobal
