
Microsoft Visual Studio Solution File, Format Version 12.00
# Visual Studio Version 16
VisualStudioVersion = 16.0.33801.447
MinimumVisualStudioVersion = 10.0.40219.1
Project("{FAE04EC0-301F-11D3-BF4B-00C04F79EFBC}") = "CLASS SUBMISSION ASSIGNMENT STEP 285", "CLASS SUBMISSION ASSIGNMENT STEP 285.csproj", "{7E8ED060-06F4-4D8F-817B-6F6BA05C5D85}"
EndProject
Global
	GlobalSection(SolutionConfigurationPlatforms) = preSolution
		Debug|Any CPU = Debug|Any CPU
		Release|Any CPU = Release|Any CPU
	EndGlobalSection
	GlobalSection(ProjectConfigurationPlatforms) = postSolution
		{7E8ED060-06F4-4D8F-817B-6F6BA05C5D85}.Debug|Any CPU.ActiveCfg = Debug|Any CPU
		{7E8ED060-06F4-4D8F-817B-6F6BA05C5D85}.Debug|Any CPU.Build.0 = Debug|Any CPU
		{7E8ED060-06F4-4D8F-817B-6F6BA05C5D85}.Release|Any CPU.ActiveCfg = Release|Any CPU
		{7E8ED060-06F4-4D8F-817B-6F6BA05C5D85}.Release|Any CPU.Build.0 = Release|Any CPU
	EndGlobalSection
	GlobalSection(SolutionProperties) = preSolution
		HideSolutionNode = FALSE
	EndGlobalSection
	GlobalSection(ExtensibilityGlobals) = postSolution
		SolutionGuid = {DDD4F245-35A9-4820-8183-611B7F7CA3CA}
	EndGlobalSection
EndGlobal
