
Microsoft Visual Studio Solution File, Format Version 12.00
# Visual Studio Version 16
VisualStudioVersion = 16.0.33801.447
MinimumVisualStudioVersion = 10.0.40219.1
Project("{FAE04EC0-301F-11D3-BF4B-00C04F79EFBC}") = "METHOD SUBMISSION ASSIGNMENT STEP 280", "METHOD SUBMISSION ASSIGNMENT STEP 280.csproj", "{A791C61E-BCA6-46FF-93CC-D525D52D9728}"
EndProject
Global
	GlobalSection(SolutionConfigurationPlatforms) = preSolution
		Debug|Any CPU = Debug|Any CPU
		Release|Any CPU = Release|Any CPU
	EndGlobalSection
	GlobalSection(ProjectConfigurationPlatforms) = postSolution
		{A791C61E-BCA6-46FF-93CC-D525D52D9728}.Debug|Any CPU.ActiveCfg = Debug|Any CPU
		{A791C61E-BCA6-46FF-93CC-D525D52D9728}.Debug|Any CPU.Build.0 = Debug|Any CPU
		{A791C61E-BCA6-46FF-93CC-D525D52D9728}.Release|Any CPU.ActiveCfg = Release|Any CPU
		{A791C61E-BCA6-46FF-93CC-D525D52D9728}.Release|Any CPU.Build.0 = Release|Any CPU
	EndGlobalSection
	GlobalSection(SolutionProperties) = preSolution
		HideSolutionNode = FALSE
	EndGlobalSection
	GlobalSection(ExtensibilityGlobals) = postSolution
		SolutionGuid = {C67CE1AD-05B7-4026-B808-8006A1DFEF5C}
	EndGlobalSection
EndGlobal
