
Microsoft Visual Studio Solution File, Format Version 12.00
# Visual Studio Version 16
VisualStudioVersion = 16.0.33801.447
MinimumVisualStudioVersion = 10.0.40219.1
Project("{FAE04EC0-301F-11D3-BF4B-00C04F79EFBC}") = "CONSTRUCTOR SUBMISSION ASSIGNMENT  385", "CONSTRUCTOR SUBMISSION ASSIGNMENT  385.csproj", "{7B3C4A28-4601-4FCE-BE89-653D90DC517D}"
EndProject
Global
	GlobalSection(SolutionConfigurationPlatforms) = preSolution
		Debug|Any CPU = Debug|Any CPU
		Release|Any CPU = Release|Any CPU
	EndGlobalSection
	GlobalSection(ProjectConfigurationPlatforms) = postSolution
		{7B3C4A28-4601-4FCE-BE89-653D90DC517D}.Debug|Any CPU.ActiveCfg = Debug|Any CPU
		{7B3C4A28-4601-4FCE-BE89-653D90DC517D}.Debug|Any CPU.Build.0 = Debug|Any CPU
		{7B3C4A28-4601-4FCE-BE89-653D90DC517D}.Release|Any CPU.ActiveCfg = Release|Any CPU
		{7B3C4A28-4601-4FCE-BE89-653D90DC517D}.Release|Any CPU.Build.0 = Release|Any CPU
	EndGlobalSection
	GlobalSection(SolutionProperties) = preSolution
		HideSolutionNode = FALSE
	EndGlobalSection
	GlobalSection(ExtensibilityGlobals) = postSolution
		SolutionGuid = {90460756-CAA3-46CA-AA79-C9848A63174B}
	EndGlobalSection
EndGlobal
