
Microsoft Visual Studio Solution File, Format Version 12.00
# Visual Studio Version 16
VisualStudioVersion = 16.0.33801.447
MinimumVisualStudioVersion = 10.0.40219.1
Project("{FAE04EC0-301F-11D3-BF4B-00C04F79EFBC}") = "METHOD CLASS SUBMISSION ASSIGNMENT 281", "METHOD CLASS SUBMISSION ASSIGNMENT 281.csproj", "{0921A19B-DE77-45AC-ADBF-1488850770C4}"
EndProject
Global
	GlobalSection(SolutionConfigurationPlatforms) = preSolution
		Debug|Any CPU = Debug|Any CPU
		Release|Any CPU = Release|Any CPU
	EndGlobalSection
	GlobalSection(ProjectConfigurationPlatforms) = postSolution
		{0921A19B-DE77-45AC-ADBF-1488850770C4}.Debug|Any CPU.ActiveCfg = Debug|Any CPU
		{0921A19B-DE77-45AC-ADBF-1488850770C4}.Debug|Any CPU.Build.0 = Debug|Any CPU
		{0921A19B-DE77-45AC-ADBF-1488850770C4}.Release|Any CPU.ActiveCfg = Release|Any CPU
		{0921A19B-DE77-45AC-ADBF-1488850770C4}.Release|Any CPU.Build.0 = Release|Any CPU
	EndGlobalSection
	GlobalSection(SolutionProperties) = preSolution
		HideSolutionNode = FALSE
	EndGlobalSection
	GlobalSection(ExtensibilityGlobals) = postSolution
		SolutionGuid = {CFDCFCBC-C3C6-4632-B563-427ED06B287A}
	EndGlobalSection
EndGlobal
